
Microsoft Visual Studio Solution File, Format Version 12.00
# Visual Studio Version 16
VisualStudioVersion = 16.0.31424.327
MinimumVisualStudioVersion = 10.0.40219.1
Project("{FAE04EC0-301F-11D3-BF4B-00C04F79EFBC}") = "ClearRubbish", "ClearRubbish\ClearRubbish.csproj", "{7E12B846-2C39-4DAF-A525-3A5E7702EC98}"
EndProject
Global
	GlobalSection(SolutionConfigurationPlatforms) = preSolution
		Debug|Any CPU = Debug|Any CPU
		Release|Any CPU = Release|Any CPU
	EndGlobalSection
	GlobalSection(ProjectConfigurationPlatforms) = postSolution
		{7E12B846-2C39-4DAF-A525-3A5E7702EC98}.Debug|Any CPU.ActiveCfg = Debug|Any CPU
		{7E12B846-2C39-4DAF-A525-3A5E7702EC98}.Debug|Any CPU.Build.0 = Debug|Any CPU
		{7E12B846-2C39-4DAF-A525-3A5E7702EC98}.Release|Any CPU.ActiveCfg = Release|Any CPU
		{7E12B846-2C39-4DAF-A525-3A5E7702EC98}.Release|Any CPU.Build.0 = Release|Any CPU
	EndGlobalSection
	GlobalSection(SolutionProperties) = preSolution
		HideSolutionNode = FALSE
	EndGlobalSection
	GlobalSection(ExtensibilityGlobals) = postSolution
		SolutionGuid = {E4F9A43A-1B3E-4348-8064-B4A50CA12FD4}
	EndGlobalSection
EndGlobal
